{
  "name": "pal-mongoose",
  "version": "1.0.0-alpha.1",
  "lockfileVersion": 1,
  "requires": true,
  "dependencies": {
    "bcrypt-nodejs": {
      "version": "0.0.3",
      "resolved": "https://registry.npmjs.org/bcrypt-nodejs/-/bcrypt-nodejs-0.0.3.tgz",
      "integrity": "sha1-xgkX8m3CNWYVZsaBBhwwPCsohCs="
    },
    "convert-hex": {
      "version": "0.1.0",
      "resolved": "https://registry.npmjs.org/convert-hex/-/convert-hex-0.1.0.tgz",
      "integrity": "sha1-CMBFaJIsJ3drii6BqV05M2LqC2U="
    },
    "es6-promisify": {
      "version": "6.0.2",
      "resolved": "https://registry.npmjs.org/es6-promisify/-/es6-promisify-6.0.2.tgz",
      "integrity": "sha512-eO6vFm0JvqGzjWIQA6QVKjxpmELfhWbDUWHm1rPfIbn55mhKPiAa5xpLmQWJrNa629ZIeQ8ZvMAi13kvrjK6Mg=="
    },
    "fs-extra": {
      "version": "6.0.1",
      "resolved": "https://registry.npmjs.org/fs-extra/-/fs-extra-6.0.1.tgz",
      "integrity": "sha512-GnyIkKhhzXZUWFCaJzvyDLEEgDkPfb4/TPvJCJVuS8MWZgoSsErf++QpiAlDnKFcqhRlm+tIOcencCjyJE6ZCA==",
      "requires": {
        "graceful-fs": "^4.1.2",
        "jsonfile": "^4.0.0",
        "universalify": "^0.1.0"
      }
    },
    "graceful-fs": {
      "version": "4.2.3",
      "resolved": "https://registry.npmjs.org/graceful-fs/-/graceful-fs-4.2.3.tgz",
      "integrity": "sha512-a30VEBm4PEdx1dRB7MFK7BejejvCvBronbLjht+sHuGYj8PHs7M/5Z+rt5lw551vZ7yfTCj4Vuyy3mSJytDWRQ=="
    },
    "is-hex": {
      "version": "1.1.3",
      "resolved": "https://registry.npmjs.org/is-hex/-/is-hex-1.1.3.tgz",
      "integrity": "sha1-RAJZwHloHgNy5SFWqmeiM8OXXe4="
    },
    "jsonfile": {
      "version": "4.0.0",
      "resolved": "https://registry.npmjs.org/jsonfile/-/jsonfile-4.0.0.tgz",
      "integrity": "sha1-h3Gq4HmbZAdrdmQPygWPnBDjPss=",
      "requires": {
        "graceful-fs": "^4.1.6"
      }
    },
    "mongoose-findorcreate": {
      "version": "3.0.0",
      "resolved": "https://registry.npmjs.org/mongoose-findorcreate/-/mongoose-findorcreate-3.0.0.tgz",
      "integrity": "sha512-kQhDe5XDj6tMv8kq1wjK+hITGIGUl60rj8oGLupF9poNsqIDkAJBXudZKcCdSyBZ7p6DLK2+0jSBthrb26tSYQ=="
    },
    "nanoid": {
      "version": "2.1.10",
      "resolved": "https://registry.npmjs.org/nanoid/-/nanoid-2.1.10.tgz",
      "integrity": "sha512-ZPUHBAwrQ+BSwVV2Xh6hBOEStTzAf8LgohOY0kk22lDiDdI32582KjVPYCqgqj7834hTunGzwZOB4me9T6ZcnA=="
    },
    "parent-require": {
      "version": "1.0.0",
      "resolved": "https://registry.npmjs.org/parent-require/-/parent-require-1.0.0.tgz",
      "integrity": "sha1-dGoWdjgIOoYLDu9nMssn7UbDKXc="
    },
    "prettier": {
      "version": "1.19.1",
      "resolved": "https://registry.npmjs.org/prettier/-/prettier-1.19.1.tgz",
      "integrity": "sha512-s7PoyDv/II1ObgQunCbB9PdLmUcBZcnWOcxDh7O0N/UwDEsHyqkW+Qh28jW+mVuCdx7gLB0BotYI1Y6uI9iyew==",
      "dev": true
    },
    "shortid": {
      "version": "2.2.15",
      "resolved": "https://registry.npmjs.org/shortid/-/shortid-2.2.15.tgz",
      "integrity": "sha512-5EaCy2mx2Jgc/Fdn9uuDuNIIfWBpzY4XIlhoqtXF6qsf+/+SGZ+FxDdX/ZsMZiWupIWNqAEmiNY4RC+LSmCeOw==",
      "requires": {
        "nanoid": "^2.1.0"
      }
    },
    "universalify": {
      "version": "0.1.2",
      "resolved": "https://registry.npmjs.org/universalify/-/universalify-0.1.2.tgz",
      "integrity": "sha512-rBJeI5CXAlmy1pV+617WB9J63U6XcazHHF2f2dbJix4XzpUF0RS3Zbj0FGIOCAva5P/d/GBOYaACQ1w+0azUkg=="
    },
    "uuid": {
      "version": "3.4.0",
      "resolved": "https://registry.npmjs.org/uuid/-/uuid-3.4.0.tgz",
      "integrity": "sha512-HjSDRw6gZE5JMggctHBcjVak08+KEVhSIiDzFnT9S9aegmp85S/bReBVTb4QTFaRNptJ9kuYaNhnbNEOkbKb/A=="
    }
  }
}
